
Microsoft Visual Studio Solution File, Format Version 12.00
# Visual Studio 15
VisualStudioVersion = 15.0.27009.1
MinimumVisualStudioVersion = 10.0.40219.1
Project("{FAE04EC0-301F-11D3-BF4B-00C04F79EFBC}") = "Practica9.Android", "Practica9\Practica9.Android\Practica9.Android.csproj", "{DD9BA668-1A63-4968-8E68-FA452BBCD6F8}"
EndProject
Project("{FAE04EC0-301F-11D3-BF4B-00C04F79EFBC}") = "Practica9", "Practica9\Practica9\Practica9.csproj", "{E05BD438-8CB4-4692-9BF5-FE2D28FC22AE}"
EndProject
Project("{FAE04EC0-301F-11D3-BF4B-00C04F79EFBC}") = "Practica9.UWP", "Practica9\Practica9.UWP\Practica9.UWP.csproj", "{421FBAF7-8FE8-49A0-A87C-E341F708DC63}"
EndProject
Project("{FAE04EC0-301F-11D3-BF4B-00C04F79EFBC}") = "Practica9.iOS", "Practica9\Practica9.iOS\Practica9.iOS.csproj", "{A6D11A89-C985-4F1D-B591-521E479CDA2C}"
EndProject
Global
	GlobalSection(SolutionConfigurationPlatforms) = preSolution
		Ad-Hoc|Any CPU = Ad-Hoc|Any CPU
		Ad-Hoc|ARM = Ad-Hoc|ARM
		Ad-Hoc|iPhone = Ad-Hoc|iPhone
		Ad-Hoc|iPhoneSimulator = Ad-Hoc|iPhoneSimulator
		Ad-Hoc|x64 = Ad-Hoc|x64
		Ad-Hoc|x86 = Ad-Hoc|x86
		AppStore|Any CPU = AppStore|Any CPU
		AppStore|ARM = AppStore|ARM
		AppStore|iPhone = AppStore|iPhone
		AppStore|iPhoneSimulator = AppStore|iPhoneSimulator
		AppStore|x64 = AppStore|x64
		AppStore|x86 = AppStore|x86
		Debug|Any CPU = Debug|Any CPU
		Debug|ARM = Debug|ARM
		Debug|iPhone = Debug|iPhone
		Debug|iPhoneSimulator = Debug|iPhoneSimulator
		Debug|x64 = Debug|x64
		Debug|x86 = Debug|x86
		Release|Any CPU = Release|Any CPU
		Release|ARM = Release|ARM
		Release|iPhone = Release|iPhone
		Release|iPhoneSimulator = Release|iPhoneSimulator
		Release|x64 = Release|x64
		Release|x86 = Release|x86
	EndGlobalSection
	GlobalSection(ProjectConfigurationPlatforms) = postSolution
		{DD9BA668-1A63-4968-8E68-FA452BBCD6F8}.Ad-Hoc|Any CPU.ActiveCfg = Release|Any CPU
		{DD9BA668-1A63-4968-8E68-FA452BBCD6F8}.Ad-Hoc|Any CPU.Build.0 = Release|Any CPU
		{DD9BA668-1A63-4968-8E68-FA452BBCD6F8}.Ad-Hoc|Any CPU.Deploy.0 = Release|Any CPU
		{DD9BA668-1A63-4968-8E68-FA452BBCD6F8}.Ad-Hoc|ARM.ActiveCfg = Release|Any CPU
		{DD9BA668-1A63-4968-8E68-FA452BBCD6F8}.Ad-Hoc|ARM.Build.0 = Release|Any CPU
		{DD9BA668-1A63-4968-8E68-FA452BBCD6F8}.Ad-Hoc|ARM.Deploy.0 = Release|Any CPU
		{DD9BA668-1A63-4968-8E68-FA452BBCD6F8}.Ad-Hoc|iPhone.ActiveCfg = Release|Any CPU
		{DD9BA668-1A63-4968-8E68-FA452BBCD6F8}.Ad-Hoc|iPhone.Build.0 = Release|Any CPU
		{DD9BA668-1A63-4968-8E68-FA452BBCD6F8}.Ad-Hoc|iPhone.Deploy.0 = Release|Any CPU
		{DD9BA668-1A63-4968-8E68-FA452BBCD6F8}.Ad-Hoc|iPhoneSimulator.ActiveCfg = Release|Any CPU
		{DD9BA668-1A63-4968-8E68-FA452BBCD6F8}.Ad-Hoc|iPhoneSimulator.Build.0 = Release|Any CPU
		{DD9BA668-1A63-4968-8E68-FA452BBCD6F8}.Ad-Hoc|iPhoneSimulator.Deploy.0 = Release|Any CPU
		{DD9BA668-1A63-4968-8E68-FA452BBCD6F8}.Ad-Hoc|x64.ActiveCfg = Release|Any CPU
		{DD9BA668-1A63-4968-8E68-FA452BBCD6F8}.Ad-Hoc|x64.Build.0 = Release|Any CPU
		{DD9BA668-1A63-4968-8E68-FA452BBCD6F8}.Ad-Hoc|x64.Deploy.0 = Release|Any CPU
		{DD9BA668-1A63-4968-8E68-FA452BBCD6F8}.Ad-Hoc|x86.ActiveCfg = Release|Any CPU
		{DD9BA668-1A63-4968-8E68-FA452BBCD6F8}.Ad-Hoc|x86.Build.0 = Release|Any CPU
		{DD9BA668-1A63-4968-8E68-FA452BBCD6F8}.Ad-Hoc|x86.Deploy.0 = Release|Any CPU
		{DD9BA668-1A63-4968-8E68-FA452BBCD6F8}.AppStore|Any CPU.ActiveCfg = Release|Any CPU
		{DD9BA668-1A63-4968-8E68-FA452BBCD6F8}.AppStore|Any CPU.Build.0 = Release|Any CPU
		{DD9BA668-1A63-4968-8E68-FA452BBCD6F8}.AppStore|Any CPU.Deploy.0 = Release|Any CPU
		{DD9BA668-1A63-4968-8E68-FA452BBCD6F8}.AppStore|ARM.ActiveCfg = Release|Any CPU
		{DD9BA668-1A63-4968-8E68-FA452BBCD6F8}.AppStore|ARM.Build.0 = Release|Any CPU
		{DD9BA668-1A63-4968-8E68-FA452BBCD6F8}.AppStore|ARM.Deploy.0 = Release|Any CPU
		{DD9BA668-1A63-4968-8E68-FA452BBCD6F8}.AppStore|iPhone.ActiveCfg = Release|Any CPU
		{DD9BA668-1A63-4968-8E68-FA452BBCD6F8}.AppStore|iPhone.Build.0 = Release|Any CPU
		{DD9BA668-1A63-4968-8E68-FA452BBCD6F8}.AppStore|iPhone.Deploy.0 = Release|Any CPU
		{DD9BA668-1A63-4968-8E68-FA452BBCD6F8}.AppStore|iPhoneSimulator.ActiveCfg = Release|Any CPU
		{DD9BA668-1A63-4968-8E68-FA452BBCD6F8}.AppStore|iPhoneSimulator.Build.0 = Release|Any CPU
		{DD9BA668-1A63-4968-8E68-FA452BBCD6F8}.AppStore|iPhoneSimulator.Deploy.0 = Release|Any CPU
		{DD9BA668-1A63-4968-8E68-FA452BBCD6F8}.AppStore|x64.ActiveCfg = Release|Any CPU
		{DD9BA668-1A63-4968-8E68-FA452BBCD6F8}.AppStore|x64.Build.0 = Release|Any CPU
		{DD9BA668-1A63-4968-8E68-FA452BBCD6F8}.AppStore|x64.Deploy.0 = Release|Any CPU
		{DD9BA668-1A63-4968-8E68-FA452BBCD6F8}.AppStore|x86.ActiveCfg = Release|Any CPU
		{DD9BA668-1A63-4968-8E68-FA452BBCD6F8}.AppStore|x86.Build.0 = Release|Any CPU
		{DD9BA668-1A63-4968-8E68-FA452BBCD6F8}.AppStore|x86.Deploy.0 = Release|Any CPU
		{DD9BA668-1A63-4968-8E68-FA452BBCD6F8}.Debug|Any CPU.ActiveCfg = Debug|Any CPU
		{DD9BA668-1A63-4968-8E68-FA452BBCD6F8}.Debug|Any CPU.Build.0 = Debug|Any CPU
		{DD9BA668-1A63-4968-8E68-FA452BBCD6F8}.Debug|Any CPU.Deploy.0 = Debug|Any CPU
		{DD9BA668-1A63-4968-8E68-FA452BBCD6F8}.Debug|ARM.ActiveCfg = Debug|Any CPU
		{DD9BA668-1A63-4968-8E68-FA452BBCD6F8}.Debug|ARM.Build.0 = Debug|Any CPU
		{DD9BA668-1A63-4968-8E68-FA452BBCD6F8}.Debug|ARM.Deploy.0 = Debug|Any CPU
		{DD9BA668-1A63-4968-8E68-FA452BBCD6F8}.Debug|iPhone.ActiveCfg = Debug|Any CPU
		{DD9BA668-1A63-4968-8E68-FA452BBCD6F8}.Debug|iPhone.Build.0 = Debug|Any CPU
		{DD9BA668-1A63-4968-8E68-FA452BBCD6F8}.Debug|iPhone.Deploy.0 = Debug|Any CPU
		{DD9BA668-1A63-4968-8E68-FA452BBCD6F8}.Debug|iPhoneSimulator.ActiveCfg = Debug|Any CPU
		{DD9BA668-1A63-4968-8E68-FA452BBCD6F8}.Debug|iPhoneSimulator.Build.0 = Debug|Any CPU
		{DD9BA668-1A63-4968-8E68-FA452BBCD6F8}.Debug|iPhoneSimulator.Deploy.0 = Debug|Any CPU
		{DD9BA668-1A63-4968-8E68-FA452BBCD6F8}.Debug|x64.ActiveCfg = Debug|Any CPU
		{DD9BA668-1A63-4968-8E68-FA452BBCD6F8}.Debug|x64.Build.0 = Debug|Any CPU
		{DD9BA668-1A63-4968-8E68-FA452BBCD6F8}.Debug|x64.Deploy.0 = Debug|Any CPU
		{DD9BA668-1A63-4968-8E68-FA452BBCD6F8}.Debug|x86.ActiveCfg = Debug|Any CPU
		{DD9BA668-1A63-4968-8E68-FA452BBCD6F8}.Debug|x86.Build.0 = Debug|Any CPU
		{DD9BA668-1A63-4968-8E68-FA452BBCD6F8}.Debug|x86.Deploy.0 = Debug|Any CPU
		{DD9BA668-1A63-4968-8E68-FA452BBCD6F8}.Release|Any CPU.ActiveCfg = Release|Any CPU
		{DD9BA668-1A63-4968-8E68-FA452BBCD6F8}.Release|Any CPU.Build.0 = Release|Any CPU
		{DD9BA668-1A63-4968-8E68-FA452BBCD6F8}.Release|Any CPU.Deploy.0 = Release|Any CPU
		{DD9BA668-1A63-4968-8E68-FA452BBCD6F8}.Release|ARM.ActiveCfg = Release|Any CPU
		{DD9BA668-1A63-4968-8E68-FA452BBCD6F8}.Release|ARM.Build.0 = Release|Any CPU
		{DD9BA668-1A63-4968-8E68-FA452BBCD6F8}.Release|ARM.Deploy.0 = Release|Any CPU
		{DD9BA668-1A63-4968-8E68-FA452BBCD6F8}.Release|iPhone.ActiveCfg = Release|Any CPU
		{DD9BA668-1A63-4968-8E68-FA452BBCD6F8}.Release|iPhone.Build.0 = Release|Any CPU
		{DD9BA668-1A63-4968-8E68-FA452BBCD6F8}.Release|iPhone.Deploy.0 = Release|Any CPU
		{DD9BA668-1A63-4968-8E68-FA452BBCD6F8}.Release|iPhoneSimulator.ActiveCfg = Release|Any CPU
		{DD9BA668-1A63-4968-8E68-FA452BBCD6F8}.Release|iPhoneSimulator.Build.0 = Release|Any CPU
		{DD9BA668-1A63-4968-8E68-FA452BBCD6F8}.Release|iPhoneSimulator.Deploy.0 = Release|Any CPU
		{DD9BA668-1A63-4968-8E68-FA452BBCD6F8}.Release|x64.ActiveCfg = Release|Any CPU
		{DD9BA668-1A63-4968-8E68-FA452BBCD6F8}.Release|x64.Build.0 = Release|Any CPU
		{DD9BA668-1A63-4968-8E68-FA452BBCD6F8}.Release|x64.Deploy.0 = Release|Any CPU
		{DD9BA668-1A63-4968-8E68-FA452BBCD6F8}.Release|x86.ActiveCfg = Release|Any CPU
		{DD9BA668-1A63-4968-8E68-FA452BBCD6F8}.Release|x86.Build.0 = Release|Any CPU
		{DD9BA668-1A63-4968-8E68-FA452BBCD6F8}.Release|x86.Deploy.0 = Release|Any CPU
		{E05BD438-8CB4-4692-9BF5-FE2D28FC22AE}.Ad-Hoc|Any CPU.ActiveCfg = Release|Any CPU
		{E05BD438-8CB4-4692-9BF5-FE2D28FC22AE}.Ad-Hoc|Any CPU.Build.0 = Release|Any CPU
		{E05BD438-8CB4-4692-9BF5-FE2D28FC22AE}.Ad-Hoc|Any CPU.Deploy.0 = Release|Any CPU
		{E05BD438-8CB4-4692-9BF5-FE2D28FC22AE}.Ad-Hoc|ARM.ActiveCfg = Release|Any CPU
		{E05BD438-8CB4-4692-9BF5-FE2D28FC22AE}.Ad-Hoc|ARM.Build.0 = Release|Any CPU
		{E05BD438-8CB4-4692-9BF5-FE2D28FC22AE}.Ad-Hoc|ARM.Deploy.0 = Release|Any CPU
		{E05BD438-8CB4-4692-9BF5-FE2D28FC22AE}.Ad-Hoc|iPhone.ActiveCfg = Release|Any CPU
		{E05BD438-8CB4-4692-9BF5-FE2D28FC22AE}.Ad-Hoc|iPhone.Build.0 = Release|Any CPU
		{E05BD438-8CB4-4692-9BF5-FE2D28FC22AE}.Ad-Hoc|iPhone.Deploy.0 = Release|Any CPU
		{E05BD438-8CB4-4692-9BF5-FE2D28FC22AE}.Ad-Hoc|iPhoneSimulator.ActiveCfg = Release|Any CPU
		{E05BD438-8CB4-4692-9BF5-FE2D28FC22AE}.Ad-Hoc|iPhoneSimulator.Build.0 = Release|Any CPU
		{E05BD438-8CB4-4692-9BF5-FE2D28FC22AE}.Ad-Hoc|iPhoneSimulator.Deploy.0 = Release|Any CPU
		{E05BD438-8CB4-4692-9BF5-FE2D28FC22AE}.Ad-Hoc|x64.ActiveCfg = Release|Any CPU
		{E05BD438-8CB4-4692-9BF5-FE2D28FC22AE}.Ad-Hoc|x64.Build.0 = Release|Any CPU
		{E05BD438-8CB4-4692-9BF5-FE2D28FC22AE}.Ad-Hoc|x64.Deploy.0 = Release|Any CPU
		{E05BD438-8CB4-4692-9BF5-FE2D28FC22AE}.Ad-Hoc|x86.ActiveCfg = Release|Any CPU
		{E05BD438-8CB4-4692-9BF5-FE2D28FC22AE}.Ad-Hoc|x86.Build.0 = Release|Any CPU
		{E05BD438-8CB4-4692-9BF5-FE2D28FC22AE}.Ad-Hoc|x86.Deploy.0 = Release|Any CPU
		{E05BD438-8CB4-4692-9BF5-FE2D28FC22AE}.AppStore|Any CPU.ActiveCfg = Release|Any CPU
		{E05BD438-8CB4-4692-9BF5-FE2D28FC22AE}.AppStore|Any CPU.Build.0 = Release|Any CPU
		{E05BD438-8CB4-4692-9BF5-FE2D28FC22AE}.AppStore|Any CPU.Deploy.0 = Release|Any CPU
		{E05BD438-8CB4-4692-9BF5-FE2D28FC22AE}.AppStore|ARM.ActiveCfg = Release|Any CPU
		{E05BD438-8CB4-4692-9BF5-FE2D28FC22AE}.AppStore|ARM.Build.0 = Release|Any CPU
		{E05BD438-8CB4-4692-9BF5-FE2D28FC22AE}.AppStore|ARM.Deploy.0 = Release|Any CPU
		{E05BD438-8CB4-4692-9BF5-FE2D28FC22AE}.AppStore|iPhone.ActiveCfg = Release|Any CPU
		{E05BD438-8CB4-4692-9BF5-FE2D28FC22AE}.AppStore|iPhone.Build.0 = Release|Any CPU
		{E05BD438-8CB4-4692-9BF5-FE2D28FC22AE}.AppStore|iPhone.Deploy.0 = Release|Any CPU
		{E05BD438-8CB4-4692-9BF5-FE2D28FC22AE}.AppStore|iPhoneSimulator.ActiveCfg = Release|Any CPU
		{E05BD438-8CB4-4692-9BF5-FE2D28FC22AE}.AppStore|iPhoneSimulator.Build.0 = Release|Any CPU
		{E05BD438-8CB4-4692-9BF5-FE2D28FC22AE}.AppStore|iPhoneSimulator.Deploy.0 = Release|Any CPU
		{E05BD438-8CB4-4692-9BF5-FE2D28FC22AE}.AppStore|x64.ActiveCfg = Release|Any CPU
		{E05BD438-8CB4-4692-9BF5-FE2D28FC22AE}.AppStore|x64.Build.0 = Release|Any CPU
		{E05BD438-8CB4-4692-9BF5-FE2D28FC22AE}.AppStore|x64.Deploy.0 = Release|Any CPU
		{E05BD438-8CB4-4692-9BF5-FE2D28FC22AE}.AppStore|x86.ActiveCfg = Release|Any CPU
		{E05BD438-8CB4-4692-9BF5-FE2D28FC22AE}.AppStore|x86.Build.0 = Release|Any CPU
		{E05BD438-8CB4-4692-9BF5-FE2D28FC22AE}.AppStore|x86.Deploy.0 = Release|Any CPU
		{E05BD438-8CB4-4692-9BF5-FE2D28FC22AE}.Debug|Any CPU.ActiveCfg = Debug|Any CPU
		{E05BD438-8CB4-4692-9BF5-FE2D28FC22AE}.Debug|Any CPU.Build.0 = Debug|Any CPU
		{E05BD438-8CB4-4692-9BF5-FE2D28FC22AE}.Debug|Any CPU.Deploy.0 = Debug|Any CPU
		{E05BD438-8CB4-4692-9BF5-FE2D28FC22AE}.Debug|ARM.ActiveCfg = Debug|Any CPU
		{E05BD438-8CB4-4692-9BF5-FE2D28FC22AE}.Debug|ARM.Build.0 = Debug|Any CPU
		{E05BD438-8CB4-4692-9BF5-FE2D28FC22AE}.Debug|ARM.Deploy.0 = Debug|Any CPU
		{E05BD438-8CB4-4692-9BF5-FE2D28FC22AE}.Debug|iPhone.ActiveCfg = Debug|Any CPU
		{E05BD438-8CB4-4692-9BF5-FE2D28FC22AE}.Debug|iPhone.Build.0 = Debug|Any CPU
		{E05BD438-8CB4-4692-9BF5-FE2D28FC22AE}.Debug|iPhone.Deploy.0 = Debug|Any CPU
		{E05BD438-8CB4-4692-9BF5-FE2D28FC22AE}.Debug|iPhoneSimulator.ActiveCfg = Debug|Any CPU
		{E05BD438-8CB4-4692-9BF5-FE2D28FC22AE}.Debug|iPhoneSimulator.Build.0 = Debug|Any CPU
		{E05BD438-8CB4-4692-9BF5-FE2D28FC22AE}.Debug|iPhoneSimulator.Deploy.0 = Debug|Any CPU
		{E05BD438-8CB4-4692-9BF5-FE2D28FC22AE}.Debug|x64.ActiveCfg = Debug|Any CPU
		{E05BD438-8CB4-4692-9BF5-FE2D28FC22AE}.Debug|x64.Build.0 = Debug|Any CPU
		{E05BD438-8CB4-4692-9BF5-FE2D28FC22AE}.Debug|x64.Deploy.0 = Debug|Any CPU
		{E05BD438-8CB4-4692-9BF5-FE2D28FC22AE}.Debug|x86.ActiveCfg = Debug|Any CPU
		{E05BD438-8CB4-4692-9BF5-FE2D28FC22AE}.Debug|x86.Build.0 = Debug|Any CPU
		{E05BD438-8CB4-4692-9BF5-FE2D28FC22AE}.Debug|x86.Deploy.0 = Debug|Any CPU
		{E05BD438-8CB4-4692-9BF5-FE2D28FC22AE}.Release|Any CPU.ActiveCfg = Release|Any CPU
		{E05BD438-8CB4-4692-9BF5-FE2D28FC22AE}.Release|Any CPU.Build.0 = Release|Any CPU
		{E05BD438-8CB4-4692-9BF5-FE2D28FC22AE}.Release|Any CPU.Deploy.0 = Release|Any CPU
		{E05BD438-8CB4-4692-9BF5-FE2D28FC22AE}.Release|ARM.ActiveCfg = Release|Any CPU
		{E05BD438-8CB4-4692-9BF5-FE2D28FC22AE}.Release|ARM.Build.0 = Release|Any CPU
		{E05BD438-8CB4-4692-9BF5-FE2D28FC22AE}.Release|ARM.Deploy.0 = Release|Any CPU
		{E05BD438-8CB4-4692-9BF5-FE2D28FC22AE}.Release|iPhone.ActiveCfg = Release|Any CPU
		{E05BD438-8CB4-4692-9BF5-FE2D28FC22AE}.Release|iPhone.Build.0 = Release|Any CPU
		{E05BD438-8CB4-4692-9BF5-FE2D28FC22AE}.Release|iPhone.Deploy.0 = Release|Any CPU
		{E05BD438-8CB4-4692-9BF5-FE2D28FC22AE}.Release|iPhoneSimulator.ActiveCfg = Release|Any CPU
		{E05BD438-8CB4-4692-9BF5-FE2D28FC22AE}.Release|iPhoneSimulator.Build.0 = Release|Any CPU
		{E05BD438-8CB4-4692-9BF5-FE2D28FC22AE}.Release|iPhoneSimulator.Deploy.0 = Release|Any CPU
		{E05BD438-8CB4-4692-9BF5-FE2D28FC22AE}.Release|x64.ActiveCfg = Release|Any CPU
		{E05BD438-8CB4-4692-9BF5-FE2D28FC22AE}.Release|x64.Build.0 = Release|Any CPU
		{E05BD438-8CB4-4692-9BF5-FE2D28FC22AE}.Release|x64.Deploy.0 = Release|Any CPU
		{E05BD438-8CB4-4692-9BF5-FE2D28FC22AE}.Release|x86.ActiveCfg = Release|Any CPU
		{E05BD438-8CB4-4692-9BF5-FE2D28FC22AE}.Release|x86.Build.0 = Release|Any CPU
		{E05BD438-8CB4-4692-9BF5-FE2D28FC22AE}.Release|x86.Deploy.0 = Release|Any CPU
		{421FBAF7-8FE8-49A0-A87C-E341F708DC63}.Ad-Hoc|Any CPU.ActiveCfg = Release|x86
		{421FBAF7-8FE8-49A0-A87C-E341F708DC63}.Ad-Hoc|Any CPU.Build.0 = Release|x86
		{421FBAF7-8FE8-49A0-A87C-E341F708DC63}.Ad-Hoc|Any CPU.Deploy.0 = Release|x86
		{421FBAF7-8FE8-49A0-A87C-E341F708DC63}.Ad-Hoc|ARM.ActiveCfg = Release|ARM
		{421FBAF7-8FE8-49A0-A87C-E341F708DC63}.Ad-Hoc|ARM.Build.0 = Release|ARM
		{421FBAF7-8FE8-49A0-A87C-E341F708DC63}.Ad-Hoc|ARM.Deploy.0 = Release|ARM
		{421FBAF7-8FE8-49A0-A87C-E341F708DC63}.Ad-Hoc|iPhone.ActiveCfg = Release|x86
		{421FBAF7-8FE8-49A0-A87C-E341F708DC63}.Ad-Hoc|iPhone.Build.0 = Release|x86
		{421FBAF7-8FE8-49A0-A87C-E341F708DC63}.Ad-Hoc|iPhone.Deploy.0 = Release|x86
		{421FBAF7-8FE8-49A0-A87C-E341F708DC63}.Ad-Hoc|iPhoneSimulator.ActiveCfg = Release|x86
		{421FBAF7-8FE8-49A0-A87C-E341F708DC63}.Ad-Hoc|iPhoneSimulator.Build.0 = Release|x86
		{421FBAF7-8FE8-49A0-A87C-E341F708DC63}.Ad-Hoc|iPhoneSimulator.Deploy.0 = Release|x86
		{421FBAF7-8FE8-49A0-A87C-E341F708DC63}.Ad-Hoc|x64.ActiveCfg = Release|x64
		{421FBAF7-8FE8-49A0-A87C-E341F708DC63}.Ad-Hoc|x64.Build.0 = Release|x64
		{421FBAF7-8FE8-49A0-A87C-E341F708DC63}.Ad-Hoc|x64.Deploy.0 = Release|x64
		{421FBAF7-8FE8-49A0-A87C-E341F708DC63}.Ad-Hoc|x86.ActiveCfg = Release|x86
		{421FBAF7-8FE8-49A0-A87C-E341F708DC63}.Ad-Hoc|x86.Build.0 = Release|x86
		{421FBAF7-8FE8-49A0-A87C-E341F708DC63}.Ad-Hoc|x86.Deploy.0 = Release|x86
		{421FBAF7-8FE8-49A0-A87C-E341F708DC63}.AppStore|Any CPU.ActiveCfg = Release|x86
		{421FBAF7-8FE8-49A0-A87C-E341F708DC63}.AppStore|Any CPU.Build.0 = Release|x86
		{421FBAF7-8FE8-49A0-A87C-E341F708DC63}.AppStore|Any CPU.Deploy.0 = Release|x86
		{421FBAF7-8FE8-49A0-A87C-E341F708DC63}.AppStore|ARM.ActiveCfg = Release|ARM
		{421FBAF7-8FE8-49A0-A87C-E341F708DC63}.AppStore|ARM.Build.0 = Release|ARM
		{421FBAF7-8FE8-49A0-A87C-E341F708DC63}.AppStore|ARM.Deploy.0 = Release|ARM
		{421FBAF7-8FE8-49A0-A87C-E341F708DC63}.AppStore|iPhone.ActiveCfg = Release|x86
		{421FBAF7-8FE8-49A0-A87C-E341F708DC63}.AppStore|iPhone.Build.0 = Release|x86
		{421FBAF7-8FE8-49A0-A87C-E341F708DC63}.AppStore|iPhone.Deploy.0 = Release|x86
		{421FBAF7-8FE8-49A0-A87C-E341F708DC63}.AppStore|iPhoneSimulator.ActiveCfg = Release|x86
		{421FBAF7-8FE8-49A0-A87C-E341F708DC63}.AppStore|iPhoneSimulator.Build.0 = Release|x86
		{421FBAF7-8FE8-49A0-A87C-E341F708DC63}.AppStore|iPhoneSimulator.Deploy.0 = Release|x86
		{421FBAF7-8FE8-49A0-A87C-E341F708DC63}.AppStore|x64.ActiveCfg = Release|x64
		{421FBAF7-8FE8-49A0-A87C-E341F708DC63}.AppStore|x64.Build.0 = Release|x64
		{421FBAF7-8FE8-49A0-A87C-E341F708DC63}.AppStore|x64.Deploy.0 = Release|x64
		{421FBAF7-8FE8-49A0-A87C-E341F708DC63}.AppStore|x86.ActiveCfg = Release|x86
		{421FBAF7-8FE8-49A0-A87C-E341F708DC63}.AppStore|x86.Build.0 = Release|x86
		{421FBAF7-8FE8-49A0-A87C-E341F708DC63}.AppStore|x86.Deploy.0 = Release|x86
		{421FBAF7-8FE8-49A0-A87C-E341F708DC63}.Debug|Any CPU.ActiveCfg = Debug|x86
		{421FBAF7-8FE8-49A0-A87C-E341F708DC63}.Debug|Any CPU.Build.0 = Debug|x86
		{421FBAF7-8FE8-49A0-A87C-E341F708DC63}.Debug|Any CPU.Deploy.0 = Debug|x86
		{421FBAF7-8FE8-49A0-A87C-E341F708DC63}.Debug|ARM.ActiveCfg = Debug|ARM
		{421FBAF7-8FE8-49A0-A87C-E341F708DC63}.Debug|ARM.Build.0 = Debug|ARM
		{421FBAF7-8FE8-49A0-A87C-E341F708DC63}.Debug|ARM.Deploy.0 = Debug|ARM
		{421FBAF7-8FE8-49A0-A87C-E341F708DC63}.Debug|iPhone.ActiveCfg = Debug|x86
		{421FBAF7-8FE8-49A0-A87C-E341F708DC63}.Debug|iPhone.Build.0 = Debug|x86
		{421FBAF7-8FE8-49A0-A87C-E341F708DC63}.Debug|iPhone.Deploy.0 = Debug|x86
		{421FBAF7-8FE8-49A0-A87C-E341F708DC63}.Debug|iPhoneSimulator.ActiveCfg = Debug|x86
		{421FBAF7-8FE8-49A0-A87C-E341F708DC63}.Debug|iPhoneSimulator.Build.0 = Debug|x86
		{421FBAF7-8FE8-49A0-A87C-E341F708DC63}.Debug|iPhoneSimulator.Deploy.0 = Debug|x86
		{421FBAF7-8FE8-49A0-A87C-E341F708DC63}.Debug|x64.ActiveCfg = Debug|x64
		{421FBAF7-8FE8-49A0-A87C-E341F708DC63}.Debug|x64.Build.0 = Debug|x64
		{421FBAF7-8FE8-49A0-A87C-E341F708DC63}.Debug|x64.Deploy.0 = Debug|x64
		{421FBAF7-8FE8-49A0-A87C-E341F708DC63}.Debug|x86.ActiveCfg = Debug|x86
		{421FBAF7-8FE8-49A0-A87C-E341F708DC63}.Debug|x86.Build.0 = Debug|x86
		{421FBAF7-8FE8-49A0-A87C-E341F708DC63}.Debug|x86.Deploy.0 = Debug|x86
		{421FBAF7-8FE8-49A0-A87C-E341F708DC63}.Release|Any CPU.ActiveCfg = Release|x86
		{421FBAF7-8FE8-49A0-A87C-E341F708DC63}.Release|Any CPU.Build.0 = Release|x86
		{421FBAF7-8FE8-49A0-A87C-E341F708DC63}.Release|Any CPU.Deploy.0 = Release|x86
		{421FBAF7-8FE8-49A0-A87C-E341F708DC63}.Release|ARM.ActiveCfg = Release|ARM
		{421FBAF7-8FE8-49A0-A87C-E341F708DC63}.Release|ARM.Build.0 = Release|ARM
		{421FBAF7-8FE8-49A0-A87C-E341F708DC63}.Release|ARM.Deploy.0 = Release|ARM
		{421FBAF7-8FE8-49A0-A87C-E341F708DC63}.Release|iPhone.ActiveCfg = Release|x86
		{421FBAF7-8FE8-49A0-A87C-E341F708DC63}.Release|iPhone.Build.0 = Release|x86
		{421FBAF7-8FE8-49A0-A87C-E341F708DC63}.Release|iPhone.Deploy.0 = Release|x86
		{421FBAF7-8FE8-49A0-A87C-E341F708DC63}.Release|iPhoneSimulator.ActiveCfg = Release|x86
		{421FBAF7-8FE8-49A0-A87C-E341F708DC63}.Release|iPhoneSimulator.Build.0 = Release|x86
		{421FBAF7-8FE8-49A0-A87C-E341F708DC63}.Release|iPhoneSimulator.Deploy.0 = Release|x86
		{421FBAF7-8FE8-49A0-A87C-E341F708DC63}.Release|x64.ActiveCfg = Release|x64
		{421FBAF7-8FE8-49A0-A87C-E341F708DC63}.Release|x64.Build.0 = Release|x64
		{421FBAF7-8FE8-49A0-A87C-E341F708DC63}.Release|x64.Deploy.0 = Release|x64
		{421FBAF7-8FE8-49A0-A87C-E341F708DC63}.Release|x86.ActiveCfg = Release|x86
		{421FBAF7-8FE8-49A0-A87C-E341F708DC63}.Release|x86.Build.0 = Release|x86
		{421FBAF7-8FE8-49A0-A87C-E341F708DC63}.Release|x86.Deploy.0 = Release|x86
		{A6D11A89-C985-4F1D-B591-521E479CDA2C}.Ad-Hoc|Any CPU.ActiveCfg = Ad-Hoc|iPhone
		{A6D11A89-C985-4F1D-B591-521E479CDA2C}.Ad-Hoc|Any CPU.Build.0 = Ad-Hoc|iPhone
		{A6D11A89-C985-4F1D-B591-521E479CDA2C}.Ad-Hoc|Any CPU.Deploy.0 = Ad-Hoc|iPhone
		{A6D11A89-C985-4F1D-B591-521E479CDA2C}.Ad-Hoc|ARM.ActiveCfg = Ad-Hoc|iPhone
		{A6D11A89-C985-4F1D-B591-521E479CDA2C}.Ad-Hoc|ARM.Build.0 = Ad-Hoc|iPhone
		{A6D11A89-C985-4F1D-B591-521E479CDA2C}.Ad-Hoc|ARM.Deploy.0 = Ad-Hoc|iPhone
		{A6D11A89-C985-4F1D-B591-521E479CDA2C}.Ad-Hoc|iPhone.ActiveCfg = Ad-Hoc|iPhone
		{A6D11A89-C985-4F1D-B591-521E479CDA2C}.Ad-Hoc|iPhone.Build.0 = Ad-Hoc|iPhone
		{A6D11A89-C985-4F1D-B591-521E479CDA2C}.Ad-Hoc|iPhone.Deploy.0 = Ad-Hoc|iPhone
		{A6D11A89-C985-4F1D-B591-521E479CDA2C}.Ad-Hoc|iPhoneSimulator.ActiveCfg = Ad-Hoc|iPhoneSimulator
		{A6D11A89-C985-4F1D-B591-521E479CDA2C}.Ad-Hoc|iPhoneSimulator.Build.0 = Ad-Hoc|iPhoneSimulator
		{A6D11A89-C985-4F1D-B591-521E479CDA2C}.Ad-Hoc|iPhoneSimulator.Deploy.0 = Ad-Hoc|iPhoneSimulator
		{A6D11A89-C985-4F1D-B591-521E479CDA2C}.Ad-Hoc|x64.ActiveCfg = Ad-Hoc|iPhone
		{A6D11A89-C985-4F1D-B591-521E479CDA2C}.Ad-Hoc|x64.Build.0 = Ad-Hoc|iPhone
		{A6D11A89-C985-4F1D-B591-521E479CDA2C}.Ad-Hoc|x64.Deploy.0 = Ad-Hoc|iPhone
		{A6D11A89-C985-4F1D-B591-521E479CDA2C}.Ad-Hoc|x86.ActiveCfg = Ad-Hoc|iPhone
		{A6D11A89-C985-4F1D-B591-521E479CDA2C}.Ad-Hoc|x86.Build.0 = Ad-Hoc|iPhone
		{A6D11A89-C985-4F1D-B591-521E479CDA2C}.Ad-Hoc|x86.Deploy.0 = Ad-Hoc|iPhone
		{A6D11A89-C985-4F1D-B591-521E479CDA2C}.AppStore|Any CPU.ActiveCfg = AppStore|iPhone
		{A6D11A89-C985-4F1D-B591-521E479CDA2C}.AppStore|Any CPU.Build.0 = AppStore|iPhone
		{A6D11A89-C985-4F1D-B591-521E479CDA2C}.AppStore|Any CPU.Deploy.0 = AppStore|iPhone
		{A6D11A89-C985-4F1D-B591-521E479CDA2C}.AppStore|ARM.ActiveCfg = AppStore|iPhone
		{A6D11A89-C985-4F1D-B591-521E479CDA2C}.AppStore|ARM.Build.0 = AppStore|iPhone
		{A6D11A89-C985-4F1D-B591-521E479CDA2C}.AppStore|ARM.Deploy.0 = AppStore|iPhone
		{A6D11A89-C985-4F1D-B591-521E479CDA2C}.AppStore|iPhone.ActiveCfg = AppStore|iPhone
		{A6D11A89-C985-4F1D-B591-521E479CDA2C}.AppStore|iPhone.Build.0 = AppStore|iPhone
		{A6D11A89-C985-4F1D-B591-521E479CDA2C}.AppStore|iPhone.Deploy.0 = AppStore|iPhone
		{A6D11A89-C985-4F1D-B591-521E479CDA2C}.AppStore|iPhoneSimulator.ActiveCfg = AppStore|iPhoneSimulator
		{A6D11A89-C985-4F1D-B591-521E479CDA2C}.AppStore|iPhoneSimulator.Build.0 = AppStore|iPhoneSimulator
		{A6D11A89-C985-4F1D-B591-521E479CDA2C}.AppStore|iPhoneSimulator.Deploy.0 = AppStore|iPhoneSimulator
		{A6D11A89-C985-4F1D-B591-521E479CDA2C}.AppStore|x64.ActiveCfg = AppStore|iPhone
		{A6D11A89-C985-4F1D-B591-521E479CDA2C}.AppStore|x64.Build.0 = AppStore|iPhone
		{A6D11A89-C985-4F1D-B591-521E479CDA2C}.AppStore|x64.Deploy.0 = AppStore|iPhone
		{A6D11A89-C985-4F1D-B591-521E479CDA2C}.AppStore|x86.ActiveCfg = AppStore|iPhone
		{A6D11A89-C985-4F1D-B591-521E479CDA2C}.AppStore|x86.Build.0 = AppStore|iPhone
		{A6D11A89-C985-4F1D-B591-521E479CDA2C}.AppStore|x86.Deploy.0 = AppStore|iPhone
		{A6D11A89-C985-4F1D-B591-521E479CDA2C}.Debug|Any CPU.ActiveCfg = Debug|iPhoneSimulator
		{A6D11A89-C985-4F1D-B591-521E479CDA2C}.Debug|Any CPU.Build.0 = Debug|iPhoneSimulator
		{A6D11A89-C985-4F1D-B591-521E479CDA2C}.Debug|Any CPU.Deploy.0 = Debug|iPhoneSimulator
		{A6D11A89-C985-4F1D-B591-521E479CDA2C}.Debug|ARM.ActiveCfg = Debug|iPhone
		{A6D11A89-C985-4F1D-B591-521E479CDA2C}.Debug|ARM.Build.0 = Debug|iPhone
		{A6D11A89-C985-4F1D-B591-521E479CDA2C}.Debug|ARM.Deploy.0 = Debug|iPhone
		{A6D11A89-C985-4F1D-B591-521E479CDA2C}.Debug|iPhone.ActiveCfg = Debug|iPhone
		{A6D11A89-C985-4F1D-B591-521E479CDA2C}.Debug|iPhone.Build.0 = Debug|iPhone
		{A6D11A89-C985-4F1D-B591-521E479CDA2C}.Debug|iPhone.Deploy.0 = Debug|iPhone
		{A6D11A89-C985-4F1D-B591-521E479CDA2C}.Debug|iPhoneSimulator.ActiveCfg = Debug|iPhoneSimulator
		{A6D11A89-C985-4F1D-B591-521E479CDA2C}.Debug|iPhoneSimulator.Build.0 = Debug|iPhoneSimulator
		{A6D11A89-C985-4F1D-B591-521E479CDA2C}.Debug|iPhoneSimulator.Deploy.0 = Debug|iPhoneSimulator
		{A6D11A89-C985-4F1D-B591-521E479CDA2C}.Debug|x64.ActiveCfg = Debug|iPhone
		{A6D11A89-C985-4F1D-B591-521E479CDA2C}.Debug|x64.Build.0 = Debug|iPhone
		{A6D11A89-C985-4F1D-B591-521E479CDA2C}.Debug|x64.Deploy.0 = Debug|iPhone
		{A6D11A89-C985-4F1D-B591-521E479CDA2C}.Debug|x86.ActiveCfg = Debug|iPhone
		{A6D11A89-C985-4F1D-B591-521E479CDA2C}.Debug|x86.Build.0 = Debug|iPhone
		{A6D11A89-C985-4F1D-B591-521E479CDA2C}.Debug|x86.Deploy.0 = Debug|iPhone
		{A6D11A89-C985-4F1D-B591-521E479CDA2C}.Release|Any CPU.ActiveCfg = Release|iPhone
		{A6D11A89-C985-4F1D-B591-521E479CDA2C}.Release|Any CPU.Build.0 = Release|iPhone
		{A6D11A89-C985-4F1D-B591-521E479CDA2C}.Release|Any CPU.Deploy.0 = Release|iPhone
		{A6D11A89-C985-4F1D-B591-521E479CDA2C}.Release|ARM.ActiveCfg = Release|iPhone
		{A6D11A89-C985-4F1D-B591-521E479CDA2C}.Release|ARM.Build.0 = Release|iPhone
		{A6D11A89-C985-4F1D-B591-521E479CDA2C}.Release|ARM.Deploy.0 = Release|iPhone
		{A6D11A89-C985-4F1D-B591-521E479CDA2C}.Release|iPhone.ActiveCfg = Release|iPhone
		{A6D11A89-C985-4F1D-B591-521E479CDA2C}.Release|iPhone.Build.0 = Release|iPhone
		{A6D11A89-C985-4F1D-B591-521E479CDA2C}.Release|iPhone.Deploy.0 = Release|iPhone
		{A6D11A89-C985-4F1D-B591-521E479CDA2C}.Release|iPhoneSimulator.ActiveCfg = Release|iPhoneSimulator
		{A6D11A89-C985-4F1D-B591-521E479CDA2C}.Release|iPhoneSimulator.Build.0 = Release|iPhoneSimulator
		{A6D11A89-C985-4F1D-B591-521E479CDA2C}.Release|iPhoneSimulator.Deploy.0 = Release|iPhoneSimulator
		{A6D11A89-C985-4F1D-B591-521E479CDA2C}.Release|x64.ActiveCfg = Release|iPhone
		{A6D11A89-C985-4F1D-B591-521E479CDA2C}.Release|x64.Build.0 = Release|iPhone
		{A6D11A89-C985-4F1D-B591-521E479CDA2C}.Release|x64.Deploy.0 = Release|iPhone
		{A6D11A89-C985-4F1D-B591-521E479CDA2C}.Release|x86.ActiveCfg = Release|iPhone
		{A6D11A89-C985-4F1D-B591-521E479CDA2C}.Release|x86.Build.0 = Release|iPhone
		{A6D11A89-C985-4F1D-B591-521E479CDA2C}.Release|x86.Deploy.0 = Release|iPhone
	EndGlobalSection
	GlobalSection(SolutionProperties) = preSolution
		HideSolutionNode = FALSE
	EndGlobalSection
	GlobalSection(ExtensibilityGlobals) = postSolution
		SolutionGuid = {8D6065E7-32D8-48A7-B847-CD697F4AAAFB}
	EndGlobalSection
EndGlobal
